
Microsoft Visual Studio Solution File, Format Version 12.00
# Visual Studio Version 17
VisualStudioVersion = 17.9.34902.65
MinimumVisualStudioVersion = 10.0.40219.1
Project("{FAE04EC0-301F-11D3-BF4B-00C04F79EFBC}") = "Assignment 7.2.1 Implementing Shell Sort Algorithm", "Assignment 7.2.1 Implementing Shell Sort Algorithm.csproj", "{71B433A7-C440-4C89-9DAD-13EE0D0918D4}"
EndProject
Global
	GlobalSection(SolutionConfigurationPlatforms) = preSolution
		Debug|Any CPU = Debug|Any CPU
		Release|Any CPU = Release|Any CPU
	EndGlobalSection
	GlobalSection(ProjectConfigurationPlatforms) = postSolution
		{71B433A7-C440-4C89-9DAD-13EE0D0918D4}.Debug|Any CPU.ActiveCfg = Debug|Any CPU
		{71B433A7-C440-4C89-9DAD-13EE0D0918D4}.Debug|Any CPU.Build.0 = Debug|Any CPU
		{71B433A7-C440-4C89-9DAD-13EE0D0918D4}.Release|Any CPU.ActiveCfg = Release|Any CPU
		{71B433A7-C440-4C89-9DAD-13EE0D0918D4}.Release|Any CPU.Build.0 = Release|Any CPU
	EndGlobalSection
	GlobalSection(SolutionProperties) = preSolution
		HideSolutionNode = FALSE
	EndGlobalSection
	GlobalSection(ExtensibilityGlobals) = postSolution
		SolutionGuid = {B93239E5-F45C-4567-8E79-63567C8AFE9B}
	EndGlobalSection
EndGlobal
